
Microsoft Visual Studio Solution File, Format Version 12.00
# Visual Studio Version 17
VisualStudioVersion = 17.0.31903.59
MinimumVisualStudioVersion = 10.0.40219.1
Project("{9A19103F-16F7-4668-BE54-9A1E7A4F7556}") = "SpaceTourism", "SpaceTourism\SpaceTourism.csproj", "{B0452696-B729-4B24-89BC-313AF3248DA2}"
EndProject
Global
	GlobalSection(SolutionConfigurationPlatforms) = preSolution
		Debug|Any CPU = Debug|Any CPU
		Release|Any CPU = Release|Any CPU
	EndGlobalSection
	GlobalSection(ProjectConfigurationPlatforms) = postSolution
		{B0452696-B729-4B24-89BC-313AF3248DA2}.Debug|Any CPU.ActiveCfg = Debug|Any CPU
		{B0452696-B729-4B24-89BC-313AF3248DA2}.Debug|Any CPU.Build.0 = Debug|Any CPU
		{B0452696-B729-4B24-89BC-313AF3248DA2}.Release|Any CPU.ActiveCfg = Release|Any CPU
		{B0452696-B729-4B24-89BC-313AF3248DA2}.Release|Any CPU.Build.0 = Release|Any CPU
	EndGlobalSection
	GlobalSection(SolutionProperties) = preSolution
		HideSolutionNode = FALSE
	EndGlobalSection
	GlobalSection(ExtensibilityGlobals) = postSolution
		SolutionGuid = {588A2B06-0387-4798-B48E-B3334C0319F7}
	EndGlobalSection
EndGlobal
